// !$*UTF8*$!
{
	archiveVersion = 1;
	classes = {
	};
	objectVersion = 50;
	objects = {

/* Begin PBXBuildFile section */
		06409BB1237E5A24001D9953 /* AppDelegate.swift in Sources */ = {isa = PBXBuildFile; fileRef = 06409BB0237E5A24001D9953 /* AppDelegate.swift */; };
		06409BB3237E5A24001D9953 /* SceneDelegate.swift in Sources */ = {isa = PBXBuildFile; fileRef = 06409BB2237E5A24001D9953 /* SceneDelegate.swift */; };
		06409BB5237E5A24001D9953 /* ViewController.swift in Sources */ = {isa = PBXBuildFile; fileRef = 06409BB4237E5A24001D9953 /* ViewController.swift */; };
		06409BB8237E5A24001D9953 /* Main.storyboard in Resources */ = {isa = PBXBuildFile; fileRef = 06409BB6237E5A24001D9953 /* Main.storyboard */; };
		06409BBA237E5A26001D9953 /* Assets.xcassets in Resources */ = {isa = PBXBuildFile; fileRef = 06409BB9237E5A26001D9953 /* Assets.xcassets */; };
		06409BBD237E5A26001D9953 /* LaunchScreen.storyboard in Resources */ = {isa = PBXBuildFile; fileRef = 06409BBB237E5A26001D9953 /* LaunchScreen.storyboard */; };
/* End PBXBuildFile section */

/* Begin PBXFileReference section */
		06409BAD237E5A24001D9953 /* MetaBroker.app */ = {isa = PBXFileReference; explicitFileType = wrapper.application; includeInIndex = 0; path = MetaBroker.app; sourceTree = BUILT_PRODUCTS_DIR; };
		06409BB0237E5A24001D9953 /* AppDelegate.swift */ = {isa = PBXFileReference; lastKnownFileType = sourcecode.swift; path = AppDelegate.swift; sourceTree = "<group>"; };
		06409BB2237E5A24001D9953 /* SceneDelegate.swift */ = {isa = PBXFileReference; lastKnownFileType = sourcecode.swift; path = SceneDelegate.swift; sourceTree = "<group>"; };
		06409BB4237E5A24001D9953 /* ViewController.swift */ = {isa = PBXFileReference; lastKnownFileType = sourcecode.swift; path = ViewController.swift; sourceTree = "<group>"; };
		06409BB7237E5A24001D9953 /* Base */ = {isa = PBXFileReference; lastKnownFileType = file.storyboard; name = Base; path = Base.lproj/Main.storyboard; sourceTree = "<group>"; };
		06409BB9237E5A26001D9953 /* Assets.xcassets */ = {isa = PBXFileReference; lastKnownFileType = folder.assetcatalog; path = Assets.xcassets; sourceTree = "<group>"; };
		06409BBC237E5A26001D9953 /* Base */ = {isa = PBXFileReference; lastKnownFileType = file.storyboard; name = Base; path = Base.lproj/LaunchScreen.storyboard; sourceTree = "<group>"; };
		06409BBE237E5A26001D9953 /* Info.plist */ = {isa = PBXFileReference; lastKnownFileType = text.plist.xml; path = Info.plist; sourceTree = "<group>"; };
/* End PBXFileReference section */

/* Begin PBXFrameworksBuildPhase section */
		06409BAA237E5A24001D9953 /* Frameworks */ = {
			isa = PBXFrameworksBuildPhase;
			buildActionMask = 2147483647;
			files = (
			);
			runOnlyForDeploymentPostprocessing = 0;
		};
/* End PBXFrameworksBuildPhase section */

/* Begin PBXGroup section */
		06409BA4237E5A24001D9953 = {
			isa = PBXGroup;
			children = (
				06409BAF237E5A24001D9953 /* MetaBroker */,
				06409BAE237E5A24001D9953 /* Products */,
			);
			sourceTree = "<group>";
		};
		06409BAE237E5A24001D9953 /* Products */ = {
			isa = PBXGroup;
			children = (
				06409BAD237E5A24001D9953 /* MetaBroker.app */,
			);
			name = Products;
			sourceTree = "<group>";
		};
		06409BAF237E5A24001D9953 /* MetaBroker */ = {
			isa = PBXGroup;
			children = (
				06409BB0237E5A24001D9953 /* AppDelegate.swift */,
				06409BB2237E5A24001D9953 /* SceneDelegate.swift */,
				06409BB4237E5A24001D9953 /* ViewController.swift */,
				06409BB6237E5A24001D9953 /* Main.storyboard */,
				06409BB9237E5A26001D9953 /* Assets.xcassets */,
				06409BBB237E5A26001D9953 /* LaunchScreen.storyboard */,
				06409BBE237E5A26001D9953 /* Info.plist */,
			);
			path = MetaBroker;
			sourceTree = "<group>";
		};
/* End PBXGroup section */

/* Begin PBXNativeTarget section */
		06409BAC237E5A24001D9953 /* MetaBroker */ = {
			isa = PBXNativeTarget;
			buildConfigurationList = 06409BC1237E5A26001D9953 /* Build configuration list for PBXNativeTarget "MetaBroker" */;
			buildPhases = (
				06409BA9237E5A24001D9953 /* Sources */,
				06409BAA237E5A24001D9953 /* Frameworks */,
				06409BAB237E5A24001D9953 /* Resources */,
			);
			buildRules = (
			);
			dependencies = (
			);
			name = MetaBroker;
			productName = MetaBroker;
			productReference = 06409BAD237E5A24001D9953 /* MetaBroker.app */;
			productType = "com.apple.product-type.application";
		};
/* End PBXNativeTarget section */

/* Begin PBXProject section */
		06409BA5237E5A24001D9953 /* Project object */ = {
			isa = PBXProject;
			attributes = {
				LastSwiftUpdateCheck = 1120;
				LastUpgradeCheck = 1120;
				ORGANIZATIONNAME = "Garth Snyder";
				TargetAttributes = {
					06409BAC237E5A24001D9953 = {
						CreatedOnToolsVersion = 11.2;
					};
				};
			};
			buildConfigurationList = 06409BA8237E5A24001D9953 /* Build configuration list for PBXProject "MetaBroker" */;
			compatibilityVersion = "Xcode 9.3";
			developmentRegion = en;
			hasScannedForEncodings = 0;
			knownRegions = (
				en,
				Base,
			);
			mainGroup = 06409BA4237E5A24001D9953;
			productRefGroup = 06409BAE237E5A24001D9953 /* Products */;
			projectDirPath = "";
			projectRoot = "";
			targets = (
				06409BAC237E5A24001D9953 /* MetaBroker */,
			);
		};
/* End PBXProject section */

/* Begin PBXResourcesBuildPhase section */
		06409BAB237E5A24001D9953 /* Resources */ = {
			isa = PBXResourcesBuildPhase;
			buildActionMask = 2147483647;
			files = (
				06409BBD237E5A26001D9953 /* LaunchScreen.storyboard in Resources */,
				06409BBA237E5A26001D9953 /* Assets.xcassets in Resources */,
				06409BB8237E5A24001D9953 /* Main.storyboard in Resources */,
			);
			runOnlyForDeploymentPostprocessing = 0;
		};
/* End PBXResourcesBuildPhase section */

/* Begin PBXSourcesBuildPhase section */
		06409BA9237E5A24001D9953 /* Sources */ = {
			isa = PBXSourcesBuildPhase;
			buildActionMask = 2147483647;
			files = (
				06409BB5237E5A24001D9953 /* ViewController.swift in Sources */,
				06409BB1237E5A24001D9953 /* AppDelegate.swift in Sources */,
				06409BB3237E5A24001D9953 /* SceneDelegate.swift in Sources */,
			);
			runOnlyForDeploymentPostprocessing = 0;
		};
/* End PBXSourcesBuildPhase section */

/* Begin PBXVariantGroup section */
		06409BB6237E5A24001D9953 /* Main.storyboard */ = {
			isa = PBXVariantGroup;
			children = (
				06409BB7237E5A24001D9953 /* Base */,
			);
			name = Main.storyboard;
			sourceTree = "<group>";
		};
		06409BBB237E5A26001D9953 /* LaunchScreen.storyboard */ = {
			isa = PBXVariantGroup;
			children = (
				06409BBC237E5A26001D9953 /* Base */,
			);
			name = LaunchScreen.storyboard;
			sourceTree = "<group>";
		};
/* End PBXVariantGroup section */

/* Begin XCBuildConfiguration section */
		06409BBF237E5A26001D9953 /* Debug */ = {
			isa = XCBuildConfiguration;
			buildSettings = {
				ALWAYS_SEARCH_USER_PATHS = NO;
				CLANG_ANALYZER_NONNULL = YES;
				CLANG_ANALYZER_NUMBER_OBJECT_CONVERSION = YES_AGGRESSIVE;
				CLANG_CXX_LANGUAGE_STANDARD = "gnu++14";
				CLANG_CXX_LIBRARY = "libc++";
				CLANG_ENABLE_MODULES = YES;
				CLANG_ENABLE_OBJC_ARC = YES;
				CLANG_ENABLE_OBJC_WEAK = YES;
				CLANG_WARN_BLOCK_CAPTURE_AUTORELEASING = YES;
				CLANG_WARN_BOOL_CONVERSION = YES;
				CLANG_WARN_COMMA = YES;
				CLANG_WARN_CONSTANT_CONVERSION = YES;
				CLANG_WARN_DEPRECATED_OBJC_IMPLEMENTATIONS = YES;
				CLANG_WARN_DIRECT_OBJC_ISA_USAGE = YES_ERROR;
				CLANG_WARN_DOCUMENTATION_COMMENTS = YES;
				CLANG_WARN_EMPTY_BODY = YES;
				CLANG_WARN_ENUM_CONVERSION = YES;
				CLANG_WARN_INFINITE_RECURSION = YES;
				CLANG_WARN_INT_CONVERSION = YES;
				CLANG_WARN_NON_LITERAL_NULL_CONVERSION = YES;
				CLANG_WARN_OBJC_IMPLICIT_RETAIN_SELF = YES;
				CLANG_WARN_OBJC_LITERAL_CONVERSION = YES;
				CLANG_WARN_OBJC_ROOT_CLASS = YES_ERROR;
				CLANG_WARN_RANGE_LOOP_ANALYSIS = YES;
				CLANG_WARN_STRICT_PROTOTYPES = YES;
				CLANG_WARN_SUSPICIOUS_MOVE = YES;
				CLANG_WARN_UNGUARDED_AVAILABILITY = YES_AGGRESSIVE;
				CLANG_WARN_UNREACHABLE_CODE = YES;
				CLANG_WARN__DUPLICATE_METHOD_MATCH = YES;
				COPY_PHASE_STRIP = NO;
				DEBUG_INFORMATION_FORMAT = dwarf;
				ENABLE_STRICT_OBJC_MSGSEND = YES;
				ENABLE_TESTABILITY = YES;
				GCC_C_LANGUAGE_STANDARD = gnu11;
				GCC_DYNAMIC_NO_PIC = NO;
				GCC_NO_COMMON_BLOCKS = YES;
				GCC_OPTIMIZATION_LEVEL = 0;
				GCC_PREPROCESSOR_DEFINITIONS = (
					"DEBUG=1",
					"$(inherited)",
				);
				GCC_WARN_64_TO_32_BIT_CONVERSION = YES;
				GCC_WARN_ABOUT_RETURN_TYPE = YES_ERROR;
				GCC_WARN_UNDECLARED_SELECTOR = YES;
				GCC_WARN_UNINITIALIZED_AUTOS = YES_AGGRESSIVE;
				GCC_WARN_UNUSED_FUNCTION = YES;
				GCC_WARN_UNUSED_VARIABLE = YES;
				IPHONEOS_DEPLOYMENT_TARGET = 13.2;
				MTL_ENABLE_DEBUG_INFO = INCLUDE_SOURCE;
				MTL_FAST_MATH = YES;
				ONLY_ACTIVE_ARCH = YES;
				SDKROOT = iphoneos;
				SWIFT_ACTIVE_COMPILATION_CONDITIONS = DEBUG;
				SWIFT_OPTIMIZATION_LEVEL = "-Onone";
			};
			name = Debug;
		};
		06409BC0237E5A26001D9953 /* Release */ = {
			isa = XCBuildConfiguration;
			buildSettings = {
				ALWAYS_SEARCH_USER_PATHS = NO;
				CLANG_ANALYZER_NONNULL = YES;
				CLANG_ANALYZER_NUMBER_OBJECT_CONVERSION = YES_AGGRESSIVE;
				CLANG_CXX_LANGUAGE_STANDARD = "gnu++14";
				CLANG_CXX_LIBRARY = "libc++";
				CLANG_ENABLE_MODULES = YES;
				CLANG_ENABLE_OBJC_ARC = YES;
				CLANG_ENABLE_OBJC_WEAK = YES;
				CLANG_WARN_BLOCK_CAPTURE_AUTORELEASING = YES;
				CLANG_WARN_BOOL_CONVERSION = YES;
				CLANG_WARN_COMMA = YES;
				CLANG_WARN_CONSTANT_CONVERSION = YES;
				CLANG_WARN_DEPRECATED_OBJC_IMPLEMENTATIONS = YES;
				CLANG_WARN_DIRECT_OBJC_ISA_USAGE = YES_ERROR;
				CLANG_WARN_DOCUMENTATION_COMMENTS = YES;
				CLANG_WARN_EMPTY_BODY = YES;
				CLANG_WARN_ENUM_CONVERSION = YES;
				CLANG_WARN_INFINITE_RECURSION = YES;
				CLANG_WARN_INT_CONVERSION = YES;
				CLANG_WARN_NON_LITERAL_NULL_CONVERSION = YES;
				CLANG_WARN_OBJC_IMPLICIT_RETAIN_SELF = YES;
				CLANG_WARN_OBJC_LITERAL_CONVERSION = YES;
				CLANG_WARN_OBJC_ROOT_CLASS = YES_ERROR;
				CLANG_WARN_RANGE_LOOP_ANALYSIS = YES;
				CLANG_WARN_STRICT_PROTOTYPES = YES;
				CLANG_WARN_SUSPICIOUS_MOVE = YES;
				CLANG_WARN_UNGUARDED_AVAILABILITY = YES_AGGRESSIVE;
				CLANG_WARN_UNREACHABLE_CODE = YES;
				CLANG_WARN__DUPLICATE_METHOD_MATCH = YES;
				COPY_PHASE_STRIP = NO;
				DEBUG_INFORMATION_FORMAT = "dwarf-with-dsym";
				ENABLE_NS_ASSERTIONS = NO;
				ENABLE_STRICT_OBJC_MSGSEND = YES;
				GCC_C_LANGUAGE_STANDARD = gnu11;
				GCC_NO_COMMON_BLOCKS = YES;
				GCC_WARN_64_TO_32_BIT_CONVERSION = YES;
				GCC_WARN_ABOUT_RETURN_TYPE = YES_ERROR;
				GCC_WARN_UNDECLARED_SELECTOR = YES;
				GCC_WARN_UNINITIALIZED_AUTOS = YES_AGGRESSIVE;
				GCC_WARN_UNUSED_FUNCTION = YES;
				GCC_WARN_UNUSED_VARIABLE = YES;
				IPHONEOS_DEPLOYMENT_TARGET = 13.2;
				MTL_ENABLE_DEBUG_INFO = NO;
				MTL_FAST_MATH = YES;
				SDKROOT = iphoneos;
				SWIFT_COMPILATION_MODE = wholemodule;
				SWIFT_OPTIMIZATION_LEVEL = "-O";
				VALIDATE_PRODUCT = YES;
			};
			name = Release;
		};
		06409BC2237E5A26001D9953 /* Debug */ = {
			isa = XCBuildConfiguration;
			buildSettings = {
				ASSETCATALOG_COMPILER_APPICON_NAME = AppIcon;
				CODE_SIGN_STYLE = Automatic;
				DEVELOPMENT_TEAM = KX84NTAHJ6;
				INFOPLIST_FILE = MetaBroker/Info.plist;
				LD_RUNPATH_SEARCH_PATHS = (
					"$(inherited)",
					"@executable_path/Frameworks",
				);
				PRODUCT_BUNDLE_IDENTIFIER = com.example.MetaBroker;
				PRODUCT_NAME = "$(TARGET_NAME)";
				SWIFT_VERSION = 5.0;
				TARGETED_DEVICE_FAMILY = "1,2";
			};
			name = Debug;
		};
		06409BC3237E5A26001D9953 /* Release */ = {
			isa = XCBuildConfiguration;
			buildSettings = {
				ASSETCATALOG_COMPILER_APPICON_NAME = AppIcon;
				CODE_SIGN_STYLE = Automatic;
				DEVELOPMENT_TEAM = KX84NTAHJ6;
				INFOPLIST_FILE = MetaBroker/Info.plist;
				LD_RUNPATH_SEARCH_PATHS = (
					"$(inherited)",
					"@executable_path/Frameworks",
				);
				PRODUCT_BUNDLE_IDENTIFIER = com.example.MetaBroker;
				PRODUCT_NAME = "$(TARGET_NAME)";
				SWIFT_VERSION = 5.0;
				TARGETED_DEVICE_FAMILY = "1,2";
			};
			name = Release;
		};
/* End XCBuildConfiguration section */

/* Begin XCConfigurationList section */
		06409BA8237E5A24001D9953 /* Build configuration list for PBXProject "MetaBroker" */ = {
			isa = XCConfigurationList;
			buildConfigurations = (
				06409BBF237E5A26001D9953 /* Debug */,
				06409BC0237E5A26001D9953 /* Release */,
			);
			defaultConfigurationIsVisible = 0;
			defaultConfigurationName = Release;
		};
		06409BC1237E5A26001D9953 /* Build configuration list for PBXNativeTarget "MetaBroker" */ = {
			isa = XCConfigurationList;
			buildConfigurations = (
				06409BC2237E5A26001D9953 /* Debug */,
				06409BC3237E5A26001D9953 /* Release */,
			);
			defaultConfigurationIsVisible = 0;
			defaultConfigurationName = Release;
		};
/* End XCConfigurationList section */
	};
	rootObject = 06409BA5237E5A24001D9953 /* Project object */;
}
