// !$*UTF8*$!
{
	archiveVersion = 1;
	classes = {
	};
	objectVersion = 50;
	objects = {

/* Begin PBXBuildFile section */
		06135E0323833CC5003420DF /* iHFormFields.swift in Sources */ = {isa = PBXBuildFile; fileRef = 06135E0223833CC5003420DF /* iHFormFields.swift */; };
		063D4570237F92E3008F6506 /* CellSetup.swift in Sources */ = {isa = PBXBuildFile; fileRef = 063D456F237F92E3008F6506 /* CellSetup.swift */; };
		06409BBA237E5A26001D9953 /* Assets.xcassets in Resources */ = {isa = PBXBuildFile; fileRef = 06409BB9237E5A26001D9953 /* Assets.xcassets */; };
		06409BBD237E5A26001D9953 /* LaunchScreen.storyboard in Resources */ = {isa = PBXBuildFile; fileRef = 06409BBB237E5A26001D9953 /* LaunchScreen.storyboard */; };
		06409BF0237E611F001D9953 /* TapPopup.swift in Sources */ = {isa = PBXBuildFile; fileRef = 06409BC6237E611F001D9953 /* TapPopup.swift */; };
		06409BF1237E611F001D9953 /* AddPopup.swift in Sources */ = {isa = PBXBuildFile; fileRef = 06409BC7237E611F001D9953 /* AddPopup.swift */; };
		06409BF2237E611F001D9953 /* PopupVC.swift in Sources */ = {isa = PBXBuildFile; fileRef = 06409BC8237E611F001D9953 /* PopupVC.swift */; };
		06409BF3237E611F001D9953 /* PULifeCycle.swift in Sources */ = {isa = PBXBuildFile; fileRef = 06409BC9237E611F001D9953 /* PULifeCycle.swift */; };
		06409BF4237E611F001D9953 /* PUCellPath.swift in Sources */ = {isa = PBXBuildFile; fileRef = 06409BCA237E611F001D9953 /* PUCellPath.swift */; };
		06409BF5237E611F001D9953 /* Tap.swift in Sources */ = {isa = PBXBuildFile; fileRef = 06409BCB237E611F001D9953 /* Tap.swift */; };
		06409BF6237E611F001D9953 /* VCLifecycle.swift in Sources */ = {isa = PBXBuildFile; fileRef = 06409BCC237E611F001D9953 /* VCLifecycle.swift */; };
		06409BF7237E611F001D9953 /* CollectionVC.swift in Sources */ = {isa = PBXBuildFile; fileRef = 06409BCD237E611F001D9953 /* CollectionVC.swift */; };
		06409BF8237E611F001D9953 /* CellPath.swift in Sources */ = {isa = PBXBuildFile; fileRef = 06409BCE237E611F001D9953 /* CellPath.swift */; };
		06409BF9237E611F001D9953 /* Notes.swift in Sources */ = {isa = PBXBuildFile; fileRef = 06409BD0237E611F001D9953 /* Notes.swift */; };
		06409BFA237E611F001D9953 /* VCs.swift in Sources */ = {isa = PBXBuildFile; fileRef = 06409BD1237E611F001D9953 /* VCs.swift */; };
		06409BFB237E611F001D9953 /* AppLifecycle.swift in Sources */ = {isa = PBXBuildFile; fileRef = 06409BD2237E611F001D9953 /* AppLifecycle.swift */; };
		06409BFC237E611F001D9953 /* Vars.swift in Sources */ = {isa = PBXBuildFile; fileRef = 06409BD3237E611F001D9953 /* Vars.swift */; };
		06409BFD237E611F001D9953 /* AppDelegate.swift in Sources */ = {isa = PBXBuildFile; fileRef = 06409BD4237E611F001D9953 /* AppDelegate.swift */; };
		06409BFE237E611F001D9953 /* RotateLock.swift in Sources */ = {isa = PBXBuildFile; fileRef = 06409BD5237E611F001D9953 /* RotateLock.swift */; };
		06409BFF237E611F001D9953 /* Sizes.swift in Sources */ = {isa = PBXBuildFile; fileRef = 06409BD7237E611F001D9953 /* Sizes.swift */; };
		06409C00237E611F001D9953 /* Attributes.swift in Sources */ = {isa = PBXBuildFile; fileRef = 06409BD8237E611F001D9953 /* Attributes.swift */; };
		06409C01237E611F001D9953 /* SizeEnums.swift in Sources */ = {isa = PBXBuildFile; fileRef = 06409BD9237E611F001D9953 /* SizeEnums.swift */; };
		06409C02237E611F001D9953 /* ZIndex.swift in Sources */ = {isa = PBXBuildFile; fileRef = 06409BDA237E611F001D9953 /* ZIndex.swift */; };
		06409C03237E611F001D9953 /* Layout.swift in Sources */ = {isa = PBXBuildFile; fileRef = 06409BDB237E611F001D9953 /* Layout.swift */; };
		06409C04237E611F001D9953 /* Prepare.swift in Sources */ = {isa = PBXBuildFile; fileRef = 06409BDC237E611F001D9953 /* Prepare.swift */; };
		06409C05237E611F001D9953 /* Buttons.swift in Sources */ = {isa = PBXBuildFile; fileRef = 06409BDE237E611F001D9953 /* Buttons.swift */; };
		06409C06237E611F001D9953 /* NavTitle.swift in Sources */ = {isa = PBXBuildFile; fileRef = 06409BDF237E611F001D9953 /* NavTitle.swift */; };
		06409C07237E611F001D9953 /* NavBar.swift in Sources */ = {isa = PBXBuildFile; fileRef = 06409BE0237E611F001D9953 /* NavBar.swift */; };
		06409C08237E611F001D9953 /* SetTopVC.swift in Sources */ = {isa = PBXBuildFile; fileRef = 06409BE1237E611F001D9953 /* SetTopVC.swift */; };
		06409C09237E611F001D9953 /* Reload.swift in Sources */ = {isa = PBXBuildFile; fileRef = 06409BE2237E611F001D9953 /* Reload.swift */; };
		06409C0A237E611F001D9953 /* GoToVC.swift in Sources */ = {isa = PBXBuildFile; fileRef = 06409BE3237E611F001D9953 /* GoToVC.swift */; };
		06409C0B237E611F001D9953 /* TestSquare.swift in Sources */ = {isa = PBXBuildFile; fileRef = 06409BE5237E611F001D9953 /* TestSquare.swift */; };
		06409C0C237E611F001D9953 /* Orientation.swift in Sources */ = {isa = PBXBuildFile; fileRef = 06409BE6237E611F001D9953 /* Orientation.swift */; };
		06409C0D237E611F001D9953 /* DeviceType.swift in Sources */ = {isa = PBXBuildFile; fileRef = 06409BE7237E611F001D9953 /* DeviceType.swift */; };
		06409C0E237E611F001D9953 /* Colours.swift in Sources */ = {isa = PBXBuildFile; fileRef = 06409BE9237E611F001D9953 /* Colours.swift */; };
		06409C0F237E611F001D9953 /* Animations.swift in Sources */ = {isa = PBXBuildFile; fileRef = 06409BEA237E611F001D9953 /* Animations.swift */; };
		06409C10237E611F001D9953 /* Cell.swift in Sources */ = {isa = PBXBuildFile; fileRef = 06409BEC237E611F001D9953 /* Cell.swift */; };
		06409C11237E611F001D9953 /* Left&RightCells.swift in Sources */ = {isa = PBXBuildFile; fileRef = 06409BED237E611F001D9953 /* Left&RightCells.swift */; };
		06409C12237E611F001D9953 /* BaseCell.swift in Sources */ = {isa = PBXBuildFile; fileRef = 06409BEE237E611F001D9953 /* BaseCell.swift */; };
		06409C13237E611F001D9953 /* VCType.swift in Sources */ = {isa = PBXBuildFile; fileRef = 06409BEF237E611F001D9953 /* VCType.swift */; };
		0655A8222384AA82009AC522 /* InputTypes.swift in Sources */ = {isa = PBXBuildFile; fileRef = 0655A8212384AA82009AC522 /* InputTypes.swift */; };
/* End PBXBuildFile section */

/* Begin PBXFileReference section */
		06135E0223833CC5003420DF /* iHFormFields.swift */ = {isa = PBXFileReference; lastKnownFileType = sourcecode.swift; path = iHFormFields.swift; sourceTree = "<group>"; };
		063D456F237F92E3008F6506 /* CellSetup.swift */ = {isa = PBXFileReference; lastKnownFileType = sourcecode.swift; path = CellSetup.swift; sourceTree = "<group>"; };
		06409BAD237E5A24001D9953 /* MetaBroker.app */ = {isa = PBXFileReference; explicitFileType = wrapper.application; includeInIndex = 0; path = MetaBroker.app; sourceTree = BUILT_PRODUCTS_DIR; };
		06409BB9237E5A26001D9953 /* Assets.xcassets */ = {isa = PBXFileReference; lastKnownFileType = folder.assetcatalog; path = Assets.xcassets; sourceTree = "<group>"; };
		06409BBC237E5A26001D9953 /* Base */ = {isa = PBXFileReference; lastKnownFileType = file.storyboard; name = Base; path = Base.lproj/LaunchScreen.storyboard; sourceTree = "<group>"; };
		06409BBE237E5A26001D9953 /* Info.plist */ = {isa = PBXFileReference; lastKnownFileType = text.plist.xml; path = Info.plist; sourceTree = "<group>"; };
		06409BC6237E611F001D9953 /* TapPopup.swift */ = {isa = PBXFileReference; fileEncoding = 4; lastKnownFileType = sourcecode.swift; path = TapPopup.swift; sourceTree = "<group>"; };
		06409BC7237E611F001D9953 /* AddPopup.swift */ = {isa = PBXFileReference; fileEncoding = 4; lastKnownFileType = sourcecode.swift; path = AddPopup.swift; sourceTree = "<group>"; };
		06409BC8237E611F001D9953 /* PopupVC.swift */ = {isa = PBXFileReference; fileEncoding = 4; lastKnownFileType = sourcecode.swift; path = PopupVC.swift; sourceTree = "<group>"; };
		06409BC9237E611F001D9953 /* PULifeCycle.swift */ = {isa = PBXFileReference; fileEncoding = 4; lastKnownFileType = sourcecode.swift; path = PULifeCycle.swift; sourceTree = "<group>"; };
		06409BCA237E611F001D9953 /* PUCellPath.swift */ = {isa = PBXFileReference; fileEncoding = 4; lastKnownFileType = sourcecode.swift; path = PUCellPath.swift; sourceTree = "<group>"; };
		06409BCB237E611F001D9953 /* Tap.swift */ = {isa = PBXFileReference; fileEncoding = 4; lastKnownFileType = sourcecode.swift; path = Tap.swift; sourceTree = "<group>"; };
		06409BCC237E611F001D9953 /* VCLifecycle.swift */ = {isa = PBXFileReference; fileEncoding = 4; lastKnownFileType = sourcecode.swift; path = VCLifecycle.swift; sourceTree = "<group>"; };
		06409BCD237E611F001D9953 /* CollectionVC.swift */ = {isa = PBXFileReference; fileEncoding = 4; lastKnownFileType = sourcecode.swift; path = CollectionVC.swift; sourceTree = "<group>"; };
		06409BCE237E611F001D9953 /* CellPath.swift */ = {isa = PBXFileReference; fileEncoding = 4; lastKnownFileType = sourcecode.swift; path = CellPath.swift; sourceTree = "<group>"; };
		06409BD0237E611F001D9953 /* Notes.swift */ = {isa = PBXFileReference; fileEncoding = 4; lastKnownFileType = sourcecode.swift; path = Notes.swift; sourceTree = "<group>"; };
		06409BD1237E611F001D9953 /* VCs.swift */ = {isa = PBXFileReference; fileEncoding = 4; lastKnownFileType = sourcecode.swift; path = VCs.swift; sourceTree = "<group>"; };
		06409BD2237E611F001D9953 /* AppLifecycle.swift */ = {isa = PBXFileReference; fileEncoding = 4; lastKnownFileType = sourcecode.swift; path = AppLifecycle.swift; sourceTree = "<group>"; };
		06409BD3237E611F001D9953 /* Vars.swift */ = {isa = PBXFileReference; fileEncoding = 4; lastKnownFileType = sourcecode.swift; path = Vars.swift; sourceTree = "<group>"; };
		06409BD4237E611F001D9953 /* AppDelegate.swift */ = {isa = PBXFileReference; fileEncoding = 4; lastKnownFileType = sourcecode.swift; path = AppDelegate.swift; sourceTree = "<group>"; };
		06409BD5237E611F001D9953 /* RotateLock.swift */ = {isa = PBXFileReference; fileEncoding = 4; lastKnownFileType = sourcecode.swift; path = RotateLock.swift; sourceTree = "<group>"; };
		06409BD7237E611F001D9953 /* Sizes.swift */ = {isa = PBXFileReference; fileEncoding = 4; lastKnownFileType = sourcecode.swift; path = Sizes.swift; sourceTree = "<group>"; };
		06409BD8237E611F001D9953 /* Attributes.swift */ = {isa = PBXFileReference; fileEncoding = 4; lastKnownFileType = sourcecode.swift; path = Attributes.swift; sourceTree = "<group>"; };
		06409BD9237E611F001D9953 /* SizeEnums.swift */ = {isa = PBXFileReference; fileEncoding = 4; lastKnownFileType = sourcecode.swift; path = SizeEnums.swift; sourceTree = "<group>"; };
		06409BDA237E611F001D9953 /* ZIndex.swift */ = {isa = PBXFileReference; fileEncoding = 4; lastKnownFileType = sourcecode.swift; path = ZIndex.swift; sourceTree = "<group>"; };
		06409BDB237E611F001D9953 /* Layout.swift */ = {isa = PBXFileReference; fileEncoding = 4; lastKnownFileType = sourcecode.swift; path = Layout.swift; sourceTree = "<group>"; };
		06409BDC237E611F001D9953 /* Prepare.swift */ = {isa = PBXFileReference; fileEncoding = 4; lastKnownFileType = sourcecode.swift; path = Prepare.swift; sourceTree = "<group>"; };
		06409BDE237E611F001D9953 /* Buttons.swift */ = {isa = PBXFileReference; fileEncoding = 4; lastKnownFileType = sourcecode.swift; path = Buttons.swift; sourceTree = "<group>"; };
		06409BDF237E611F001D9953 /* NavTitle.swift */ = {isa = PBXFileReference; fileEncoding = 4; lastKnownFileType = sourcecode.swift; path = NavTitle.swift; sourceTree = "<group>"; };
		06409BE0237E611F001D9953 /* NavBar.swift */ = {isa = PBXFileReference; fileEncoding = 4; lastKnownFileType = sourcecode.swift; path = NavBar.swift; sourceTree = "<group>"; };
		06409BE1237E611F001D9953 /* SetTopVC.swift */ = {isa = PBXFileReference; fileEncoding = 4; lastKnownFileType = sourcecode.swift; path = SetTopVC.swift; sourceTree = "<group>"; };
		06409BE2237E611F001D9953 /* Reload.swift */ = {isa = PBXFileReference; fileEncoding = 4; lastKnownFileType = sourcecode.swift; path = Reload.swift; sourceTree = "<group>"; };
		06409BE3237E611F001D9953 /* GoToVC.swift */ = {isa = PBXFileReference; fileEncoding = 4; lastKnownFileType = sourcecode.swift; path = GoToVC.swift; sourceTree = "<group>"; };
		06409BE5237E611F001D9953 /* TestSquare.swift */ = {isa = PBXFileReference; fileEncoding = 4; lastKnownFileType = sourcecode.swift; path = TestSquare.swift; sourceTree = "<group>"; };
		06409BE6237E611F001D9953 /* Orientation.swift */ = {isa = PBXFileReference; fileEncoding = 4; lastKnownFileType = sourcecode.swift; path = Orientation.swift; sourceTree = "<group>"; };
		06409BE7237E611F001D9953 /* DeviceType.swift */ = {isa = PBXFileReference; fileEncoding = 4; lastKnownFileType = sourcecode.swift; path = DeviceType.swift; sourceTree = "<group>"; };
		06409BE9237E611F001D9953 /* Colours.swift */ = {isa = PBXFileReference; fileEncoding = 4; lastKnownFileType = sourcecode.swift; path = Colours.swift; sourceTree = "<group>"; };
		06409BEA237E611F001D9953 /* Animations.swift */ = {isa = PBXFileReference; fileEncoding = 4; lastKnownFileType = sourcecode.swift; path = Animations.swift; sourceTree = "<group>"; };
		06409BEC237E611F001D9953 /* Cell.swift */ = {isa = PBXFileReference; fileEncoding = 4; lastKnownFileType = sourcecode.swift; path = Cell.swift; sourceTree = "<group>"; };
		06409BED237E611F001D9953 /* Left&RightCells.swift */ = {isa = PBXFileReference; fileEncoding = 4; lastKnownFileType = sourcecode.swift; path = "Left&RightCells.swift"; sourceTree = "<group>"; };
		06409BEE237E611F001D9953 /* BaseCell.swift */ = {isa = PBXFileReference; fileEncoding = 4; lastKnownFileType = sourcecode.swift; path = BaseCell.swift; sourceTree = "<group>"; };
		06409BEF237E611F001D9953 /* VCType.swift */ = {isa = PBXFileReference; fileEncoding = 4; lastKnownFileType = sourcecode.swift; path = VCType.swift; sourceTree = "<group>"; };
		0655A8212384AA82009AC522 /* InputTypes.swift */ = {isa = PBXFileReference; lastKnownFileType = sourcecode.swift; path = InputTypes.swift; sourceTree = "<group>"; };
/* End PBXFileReference section */

/* Begin PBXFrameworksBuildPhase section */
		06409BAA237E5A24001D9953 /* Frameworks */ = {
			isa = PBXFrameworksBuildPhase;
			buildActionMask = 2147483647;
			files = (
			);
			runOnlyForDeploymentPostprocessing = 0;
		};
/* End PBXFrameworksBuildPhase section */

/* Begin PBXGroup section */
		06409BA4237E5A24001D9953 = {
			isa = PBXGroup;
			children = (
				06409BAF237E5A24001D9953 /* MetaBroker */,
				06409BAE237E5A24001D9953 /* Products */,
			);
			sourceTree = "<group>";
		};
		06409BAE237E5A24001D9953 /* Products */ = {
			isa = PBXGroup;
			children = (
				06409BAD237E5A24001D9953 /* MetaBroker.app */,
			);
			name = Products;
			sourceTree = "<group>";
		};
		06409BAF237E5A24001D9953 /* MetaBroker */ = {
			isa = PBXGroup;
			children = (
				06409BCF237E611F001D9953 /* Core */,
				0648D766237E721000309353 /* insHotlineForm */,
				06409BDD237E611F001D9953 /* navigation */,
				06409BC4237E611F001D9953 /* C */,
				06409BEB237E611F001D9953 /* M */,
				06409BE8237E611F001D9953 /* V */,
				06409BD6237E611F001D9953 /* Vm */,
				06409BE4237E611F001D9953 /* Checks */,
				06409BB9237E5A26001D9953 /* Assets.xcassets */,
				06409BBB237E5A26001D9953 /* LaunchScreen.storyboard */,
				06409BBE237E5A26001D9953 /* Info.plist */,
			);
			path = MetaBroker;
			sourceTree = "<group>";
		};
		06409BC4237E611F001D9953 /* C */ = {
			isa = PBXGroup;
			children = (
				06409BCD237E611F001D9953 /* CollectionVC.swift */,
				06409BCC237E611F001D9953 /* VCLifecycle.swift */,
				06409BCE237E611F001D9953 /* CellPath.swift */,
				063D456F237F92E3008F6506 /* CellSetup.swift */,
				0655A8212384AA82009AC522 /* InputTypes.swift */,
				06409BCB237E611F001D9953 /* Tap.swift */,
				06409BC5237E611F001D9953 /* popup */,
			);
			path = C;
			sourceTree = "<group>";
		};
		06409BC5237E611F001D9953 /* popup */ = {
			isa = PBXGroup;
			children = (
				06409BC6237E611F001D9953 /* TapPopup.swift */,
				06409BC7237E611F001D9953 /* AddPopup.swift */,
				06409BCA237E611F001D9953 /* PUCellPath.swift */,
				06409BC9237E611F001D9953 /* PULifeCycle.swift */,
				06409BC8237E611F001D9953 /* PopupVC.swift */,
			);
			path = popup;
			sourceTree = "<group>";
		};
		06409BCF237E611F001D9953 /* Core */ = {
			isa = PBXGroup;
			children = (
				06409BD0237E611F001D9953 /* Notes.swift */,
				06409BD3237E611F001D9953 /* Vars.swift */,
				06409BD1237E611F001D9953 /* VCs.swift */,
				06409BD4237E611F001D9953 /* AppDelegate.swift */,
				06409BD2237E611F001D9953 /* AppLifecycle.swift */,
				06409BD5237E611F001D9953 /* RotateLock.swift */,
			);
			path = Core;
			sourceTree = "<group>";
		};
		06409BD6237E611F001D9953 /* Vm */ = {
			isa = PBXGroup;
			children = (
				06409BDB237E611F001D9953 /* Layout.swift */,
				06409BD8237E611F001D9953 /* Attributes.swift */,
				06409BDC237E611F001D9953 /* Prepare.swift */,
				06409BD7237E611F001D9953 /* Sizes.swift */,
				06409BD9237E611F001D9953 /* SizeEnums.swift */,
				06409BDA237E611F001D9953 /* ZIndex.swift */,
			);
			path = Vm;
			sourceTree = "<group>";
		};
		06409BDD237E611F001D9953 /* navigation */ = {
			isa = PBXGroup;
			children = (
				06409BDF237E611F001D9953 /* NavTitle.swift */,
				06409BE0237E611F001D9953 /* NavBar.swift */,
				06409BDE237E611F001D9953 /* Buttons.swift */,
				06409BE1237E611F001D9953 /* SetTopVC.swift */,
				06409BE2237E611F001D9953 /* Reload.swift */,
				06409BE3237E611F001D9953 /* GoToVC.swift */,
			);
			path = navigation;
			sourceTree = "<group>";
		};
		06409BE4237E611F001D9953 /* Checks */ = {
			isa = PBXGroup;
			children = (
				06409BE5237E611F001D9953 /* TestSquare.swift */,
				06409BE6237E611F001D9953 /* Orientation.swift */,
				06409BE7237E611F001D9953 /* DeviceType.swift */,
			);
			path = Checks;
			sourceTree = "<group>";
		};
		06409BE8237E611F001D9953 /* V */ = {
			isa = PBXGroup;
			children = (
				06409BE9237E611F001D9953 /* Colours.swift */,
				06409BEA237E611F001D9953 /* Animations.swift */,
			);
			path = V;
			sourceTree = "<group>";
		};
		06409BEB237E611F001D9953 /* M */ = {
			isa = PBXGroup;
			children = (
				06409BEC237E611F001D9953 /* Cell.swift */,
				06409BED237E611F001D9953 /* Left&RightCells.swift */,
				06409BEE237E611F001D9953 /* BaseCell.swift */,
				06409BEF237E611F001D9953 /* VCType.swift */,
			);
			path = M;
			sourceTree = "<group>";
		};
		0648D766237E721000309353 /* insHotlineForm */ = {
			isa = PBXGroup;
			children = (
				06135E0223833CC5003420DF /* iHFormFields.swift */,
			);
			path = insHotlineForm;
			sourceTree = "<group>";
		};
/* End PBXGroup section */

/* Begin PBXNativeTarget section */
		06409BAC237E5A24001D9953 /* MetaBroker */ = {
			isa = PBXNativeTarget;
			buildConfigurationList = 06409BC1237E5A26001D9953 /* Build configuration list for PBXNativeTarget "MetaBroker" */;
			buildPhases = (
				06409BA9237E5A24001D9953 /* Sources */,
				06409BAA237E5A24001D9953 /* Frameworks */,
				06409BAB237E5A24001D9953 /* Resources */,
			);
			buildRules = (
			);
			dependencies = (
			);
			name = MetaBroker;
			productName = MetaBroker;
			productReference = 06409BAD237E5A24001D9953 /* MetaBroker.app */;
			productType = "com.apple.product-type.application";
		};
/* End PBXNativeTarget section */

/* Begin PBXProject section */
		06409BA5237E5A24001D9953 /* Project object */ = {
			isa = PBXProject;
			attributes = {
				LastSwiftUpdateCheck = 1120;
				LastUpgradeCheck = 1120;
				ORGANIZATIONNAME = "Garth Snyder";
				TargetAttributes = {
					06409BAC237E5A24001D9953 = {
						CreatedOnToolsVersion = 11.2;
					};
				};
			};
			buildConfigurationList = 06409BA8237E5A24001D9953 /* Build configuration list for PBXProject "MetaBroker" */;
			compatibilityVersion = "Xcode 9.3";
			developmentRegion = en;
			hasScannedForEncodings = 0;
			knownRegions = (
				en,
				Base,
			);
			mainGroup = 06409BA4237E5A24001D9953;
			productRefGroup = 06409BAE237E5A24001D9953 /* Products */;
			projectDirPath = "";
			projectRoot = "";
			targets = (
				06409BAC237E5A24001D9953 /* MetaBroker */,
			);
		};
/* End PBXProject section */

/* Begin PBXResourcesBuildPhase section */
		06409BAB237E5A24001D9953 /* Resources */ = {
			isa = PBXResourcesBuildPhase;
			buildActionMask = 2147483647;
			files = (
				06409BBD237E5A26001D9953 /* LaunchScreen.storyboard in Resources */,
				06409BBA237E5A26001D9953 /* Assets.xcassets in Resources */,
			);
			runOnlyForDeploymentPostprocessing = 0;
		};
/* End PBXResourcesBuildPhase section */

/* Begin PBXSourcesBuildPhase section */
		06409BA9237E5A24001D9953 /* Sources */ = {
			isa = PBXSourcesBuildPhase;
			buildActionMask = 2147483647;
			files = (
				06409C09237E611F001D9953 /* Reload.swift in Sources */,
				06409C0C237E611F001D9953 /* Orientation.swift in Sources */,
				0655A8222384AA82009AC522 /* InputTypes.swift in Sources */,
				06409BF2237E611F001D9953 /* PopupVC.swift in Sources */,
				06409C00237E611F001D9953 /* Attributes.swift in Sources */,
				06409C06237E611F001D9953 /* NavTitle.swift in Sources */,
				06409BF9237E611F001D9953 /* Notes.swift in Sources */,
				06409C05237E611F001D9953 /* Buttons.swift in Sources */,
				06409BF4237E611F001D9953 /* PUCellPath.swift in Sources */,
				06409C10237E611F001D9953 /* Cell.swift in Sources */,
				06409C04237E611F001D9953 /* Prepare.swift in Sources */,
				06409C0D237E611F001D9953 /* DeviceType.swift in Sources */,
				06409BF7237E611F001D9953 /* CollectionVC.swift in Sources */,
				06409C01237E611F001D9953 /* SizeEnums.swift in Sources */,
				063D4570237F92E3008F6506 /* CellSetup.swift in Sources */,
				06409C0E237E611F001D9953 /* Colours.swift in Sources */,
				06409C08237E611F001D9953 /* SetTopVC.swift in Sources */,
				06409BFF237E611F001D9953 /* Sizes.swift in Sources */,
				06409C0B237E611F001D9953 /* TestSquare.swift in Sources */,
				06409BFD237E611F001D9953 /* AppDelegate.swift in Sources */,
				06409C12237E611F001D9953 /* BaseCell.swift in Sources */,
				06409BF3237E611F001D9953 /* PULifeCycle.swift in Sources */,
				06409BFE237E611F001D9953 /* RotateLock.swift in Sources */,
				06409BF6237E611F001D9953 /* VCLifecycle.swift in Sources */,
				06409BFA237E611F001D9953 /* VCs.swift in Sources */,
				06409BF5237E611F001D9953 /* Tap.swift in Sources */,
				06409BFC237E611F001D9953 /* Vars.swift in Sources */,
				06409C0A237E611F001D9953 /* GoToVC.swift in Sources */,
				06409C07237E611F001D9953 /* NavBar.swift in Sources */,
				06409BF1237E611F001D9953 /* AddPopup.swift in Sources */,
				06135E0323833CC5003420DF /* iHFormFields.swift in Sources */,
				06409BF0237E611F001D9953 /* TapPopup.swift in Sources */,
				06409C11237E611F001D9953 /* Left&RightCells.swift in Sources */,
				06409C13237E611F001D9953 /* VCType.swift in Sources */,
				06409BFB237E611F001D9953 /* AppLifecycle.swift in Sources */,
				06409C03237E611F001D9953 /* Layout.swift in Sources */,
				06409C02237E611F001D9953 /* ZIndex.swift in Sources */,
				06409C0F237E611F001D9953 /* Animations.swift in Sources */,
				06409BF8237E611F001D9953 /* CellPath.swift in Sources */,
			);
			runOnlyForDeploymentPostprocessing = 0;
		};
/* End PBXSourcesBuildPhase section */

/* Begin PBXVariantGroup section */
		06409BBB237E5A26001D9953 /* LaunchScreen.storyboard */ = {
			isa = PBXVariantGroup;
			children = (
				06409BBC237E5A26001D9953 /* Base */,
			);
			name = LaunchScreen.storyboard;
			sourceTree = "<group>";
		};
/* End PBXVariantGroup section */

/* Begin XCBuildConfiguration section */
		06409BBF237E5A26001D9953 /* Debug */ = {
			isa = XCBuildConfiguration;
			buildSettings = {
				ALWAYS_SEARCH_USER_PATHS = NO;
				CLANG_ANALYZER_NONNULL = YES;
				CLANG_ANALYZER_NUMBER_OBJECT_CONVERSION = YES_AGGRESSIVE;
				CLANG_CXX_LANGUAGE_STANDARD = "gnu++14";
				CLANG_CXX_LIBRARY = "libc++";
				CLANG_ENABLE_MODULES = YES;
				CLANG_ENABLE_OBJC_ARC = YES;
				CLANG_ENABLE_OBJC_WEAK = YES;
				CLANG_WARN_BLOCK_CAPTURE_AUTORELEASING = YES;
				CLANG_WARN_BOOL_CONVERSION = YES;
				CLANG_WARN_COMMA = YES;
				CLANG_WARN_CONSTANT_CONVERSION = YES;
				CLANG_WARN_DEPRECATED_OBJC_IMPLEMENTATIONS = YES;
				CLANG_WARN_DIRECT_OBJC_ISA_USAGE = YES_ERROR;
				CLANG_WARN_DOCUMENTATION_COMMENTS = YES;
				CLANG_WARN_EMPTY_BODY = YES;
				CLANG_WARN_ENUM_CONVERSION = YES;
				CLANG_WARN_INFINITE_RECURSION = YES;
				CLANG_WARN_INT_CONVERSION = YES;
				CLANG_WARN_NON_LITERAL_NULL_CONVERSION = YES;
				CLANG_WARN_OBJC_IMPLICIT_RETAIN_SELF = YES;
				CLANG_WARN_OBJC_LITERAL_CONVERSION = YES;
				CLANG_WARN_OBJC_ROOT_CLASS = YES_ERROR;
				CLANG_WARN_RANGE_LOOP_ANALYSIS = YES;
				CLANG_WARN_STRICT_PROTOTYPES = YES;
				CLANG_WARN_SUSPICIOUS_MOVE = YES;
				CLANG_WARN_UNGUARDED_AVAILABILITY = YES_AGGRESSIVE;
				CLANG_WARN_UNREACHABLE_CODE = YES;
				CLANG_WARN__DUPLICATE_METHOD_MATCH = YES;
				COPY_PHASE_STRIP = NO;
				DEBUG_INFORMATION_FORMAT = dwarf;
				ENABLE_STRICT_OBJC_MSGSEND = YES;
				ENABLE_TESTABILITY = YES;
				GCC_C_LANGUAGE_STANDARD = gnu11;
				GCC_DYNAMIC_NO_PIC = NO;
				GCC_NO_COMMON_BLOCKS = YES;
				GCC_OPTIMIZATION_LEVEL = 0;
				GCC_PREPROCESSOR_DEFINITIONS = (
					"DEBUG=1",
					"$(inherited)",
				);
				GCC_WARN_64_TO_32_BIT_CONVERSION = YES;
				GCC_WARN_ABOUT_RETURN_TYPE = YES_ERROR;
				GCC_WARN_UNDECLARED_SELECTOR = YES;
				GCC_WARN_UNINITIALIZED_AUTOS = YES_AGGRESSIVE;
				GCC_WARN_UNUSED_FUNCTION = YES;
				GCC_WARN_UNUSED_VARIABLE = YES;
				IPHONEOS_DEPLOYMENT_TARGET = 13.1;
				MTL_ENABLE_DEBUG_INFO = INCLUDE_SOURCE;
				MTL_FAST_MATH = YES;
				ONLY_ACTIVE_ARCH = YES;
				SDKROOT = iphoneos;
				SWIFT_ACTIVE_COMPILATION_CONDITIONS = DEBUG;
				SWIFT_OPTIMIZATION_LEVEL = "-Onone";
			};
			name = Debug;
		};
		06409BC0237E5A26001D9953 /* Release */ = {
			isa = XCBuildConfiguration;
			buildSettings = {
				ALWAYS_SEARCH_USER_PATHS = NO;
				CLANG_ANALYZER_NONNULL = YES;
				CLANG_ANALYZER_NUMBER_OBJECT_CONVERSION = YES_AGGRESSIVE;
				CLANG_CXX_LANGUAGE_STANDARD = "gnu++14";
				CLANG_CXX_LIBRARY = "libc++";
				CLANG_ENABLE_MODULES = YES;
				CLANG_ENABLE_OBJC_ARC = YES;
				CLANG_ENABLE_OBJC_WEAK = YES;
				CLANG_WARN_BLOCK_CAPTURE_AUTORELEASING = YES;
				CLANG_WARN_BOOL_CONVERSION = YES;
				CLANG_WARN_COMMA = YES;
				CLANG_WARN_CONSTANT_CONVERSION = YES;
				CLANG_WARN_DEPRECATED_OBJC_IMPLEMENTATIONS = YES;
				CLANG_WARN_DIRECT_OBJC_ISA_USAGE = YES_ERROR;
				CLANG_WARN_DOCUMENTATION_COMMENTS = YES;
				CLANG_WARN_EMPTY_BODY = YES;
				CLANG_WARN_ENUM_CONVERSION = YES;
				CLANG_WARN_INFINITE_RECURSION = YES;
				CLANG_WARN_INT_CONVERSION = YES;
				CLANG_WARN_NON_LITERAL_NULL_CONVERSION = YES;
				CLANG_WARN_OBJC_IMPLICIT_RETAIN_SELF = YES;
				CLANG_WARN_OBJC_LITERAL_CONVERSION = YES;
				CLANG_WARN_OBJC_ROOT_CLASS = YES_ERROR;
				CLANG_WARN_RANGE_LOOP_ANALYSIS = YES;
				CLANG_WARN_STRICT_PROTOTYPES = YES;
				CLANG_WARN_SUSPICIOUS_MOVE = YES;
				CLANG_WARN_UNGUARDED_AVAILABILITY = YES_AGGRESSIVE;
				CLANG_WARN_UNREACHABLE_CODE = YES;
				CLANG_WARN__DUPLICATE_METHOD_MATCH = YES;
				COPY_PHASE_STRIP = NO;
				DEBUG_INFORMATION_FORMAT = "dwarf-with-dsym";
				ENABLE_NS_ASSERTIONS = NO;
				ENABLE_STRICT_OBJC_MSGSEND = YES;
				GCC_C_LANGUAGE_STANDARD = gnu11;
				GCC_NO_COMMON_BLOCKS = YES;
				GCC_WARN_64_TO_32_BIT_CONVERSION = YES;
				GCC_WARN_ABOUT_RETURN_TYPE = YES_ERROR;
				GCC_WARN_UNDECLARED_SELECTOR = YES;
				GCC_WARN_UNINITIALIZED_AUTOS = YES_AGGRESSIVE;
				GCC_WARN_UNUSED_FUNCTION = YES;
				GCC_WARN_UNUSED_VARIABLE = YES;
				IPHONEOS_DEPLOYMENT_TARGET = 13.1;
				MTL_ENABLE_DEBUG_INFO = NO;
				MTL_FAST_MATH = YES;
				SDKROOT = iphoneos;
				SWIFT_COMPILATION_MODE = wholemodule;
				SWIFT_OPTIMIZATION_LEVEL = "-O";
				VALIDATE_PRODUCT = YES;
			};
			name = Release;
		};
		06409BC2237E5A26001D9953 /* Debug */ = {
			isa = XCBuildConfiguration;
			buildSettings = {
				ASSETCATALOG_COMPILER_APPICON_NAME = AppIcon;
				CODE_SIGN_STYLE = Automatic;
				DEVELOPMENT_TEAM = KX84NTAHJ6;
				INFOPLIST_FILE = MetaBroker/Info.plist;
				LD_RUNPATH_SEARCH_PATHS = (
					"$(inherited)",
					"@executable_path/Frameworks",
				);
				PRODUCT_BUNDLE_IDENTIFIER = com.example.MetaBroker;
				PRODUCT_NAME = "$(TARGET_NAME)";
				SWIFT_VERSION = 5.0;
				TARGETED_DEVICE_FAMILY = "1,2";
			};
			name = Debug;
		};
		06409BC3237E5A26001D9953 /* Release */ = {
			isa = XCBuildConfiguration;
			buildSettings = {
				ASSETCATALOG_COMPILER_APPICON_NAME = AppIcon;
				CODE_SIGN_STYLE = Automatic;
				DEVELOPMENT_TEAM = KX84NTAHJ6;
				INFOPLIST_FILE = MetaBroker/Info.plist;
				LD_RUNPATH_SEARCH_PATHS = (
					"$(inherited)",
					"@executable_path/Frameworks",
				);
				PRODUCT_BUNDLE_IDENTIFIER = com.example.MetaBroker;
				PRODUCT_NAME = "$(TARGET_NAME)";
				SWIFT_VERSION = 5.0;
				TARGETED_DEVICE_FAMILY = "1,2";
			};
			name = Release;
		};
/* End XCBuildConfiguration section */

/* Begin XCConfigurationList section */
		06409BA8237E5A24001D9953 /* Build configuration list for PBXProject "MetaBroker" */ = {
			isa = XCConfigurationList;
			buildConfigurations = (
				06409BBF237E5A26001D9953 /* Debug */,
				06409BC0237E5A26001D9953 /* Release */,
			);
			defaultConfigurationIsVisible = 0;
			defaultConfigurationName = Release;
		};
		06409BC1237E5A26001D9953 /* Build configuration list for PBXNativeTarget "MetaBroker" */ = {
			isa = XCConfigurationList;
			buildConfigurations = (
				06409BC2237E5A26001D9953 /* Debug */,
				06409BC3237E5A26001D9953 /* Release */,
			);
			defaultConfigurationIsVisible = 0;
			defaultConfigurationName = Release;
		};
/* End XCConfigurationList section */
	};
	rootObject = 06409BA5237E5A24001D9953 /* Project object */;
}
